
Microsoft Visual Studio Solution File, Format Version 12.00
# Visual Studio Version 16
VisualStudioVersion = 16.0.31515.178
MinimumVisualStudioVersion = 10.0.40219.1
Project("{FAE04EC0-301F-11D3-BF4B-00C04F79EFBC}") = "AdapterDesignExample", "AdapterDesignExample\AdapterDesignExample.csproj", "{9FE50DD4-FA93-466A-A2AE-D500F089331B}"
EndProject
Global
	GlobalSection(SolutionConfigurationPlatforms) = preSolution
		Debug|Any CPU = Debug|Any CPU
		Release|Any CPU = Release|Any CPU
	EndGlobalSection
	GlobalSection(ProjectConfigurationPlatforms) = postSolution
		{9FE50DD4-FA93-466A-A2AE-D500F089331B}.Debug|Any CPU.ActiveCfg = Debug|Any CPU
		{9FE50DD4-FA93-466A-A2AE-D500F089331B}.Debug|Any CPU.Build.0 = Debug|Any CPU
		{9FE50DD4-FA93-466A-A2AE-D500F089331B}.Release|Any CPU.ActiveCfg = Release|Any CPU
		{9FE50DD4-FA93-466A-A2AE-D500F089331B}.Release|Any CPU.Build.0 = Release|Any CPU
	EndGlobalSection
	GlobalSection(SolutionProperties) = preSolution
		HideSolutionNode = FALSE
	EndGlobalSection
	GlobalSection(ExtensibilityGlobals) = postSolution
		SolutionGuid = {F66D1F85-ACC9-4CCD-9F25-A89AA73E0EFB}
	EndGlobalSection
EndGlobal
